version = 1
requires-python = ">=3.12"
resolution-markers = [
    "python_full_version < '3.14'",
    "python_full_version >= '3.14'",
]

[[package]]
name = "anyio"
version = "4.13.0"
source = { registry = "https://pypi.org/simple" }
dependencies = [
    { name = "idna" },
    { name = "typing-extensions", marker = "python_full_version < '3.13'" },
]
sdist = { url = "https://files.pythonhosted.org/packages/19/14/2c5dd9f512b66549ae92767a9c7b330ae88e1932ca57876909410251fe13/anyio-4.13.0.tar.gz", hash = "sha256:334b70e641fd2221c1505b3890c69882fe4a2df910cba14d97019b90b24439dc", size = 231622 }
wheels = [
    { url = "https://files.pythonhosted.org/packages/da/42/e921fccf5015463e32a3cf6ee7f980a6ed0f395ceeaa45060b61d86486c2/anyio-4.13.0-py3-none-any.whl", hash = "sha256:08b310f9e24a9594186fd75b4f73f4a4152069e3853f1ed8bfbf58369f4ad708", size = 114353 },
]

[[package]]
name = "apscheduler"
version = "3.11.2"
source = { registry = "https://pypi.org/simple" }
dependencies = [
    { name = "tzlocal" },
]
sdist = { url = "https://files.pythonhosted.org/packages/07/12/3e4389e5920b4c1763390c6d371162f3784f86f85cd6d6c1bfe68eef14e2/apscheduler-3.11.2.tar.gz", hash = "sha256:2a9966b052ec805f020c8c4c3ae6e6a06e24b1bf19f2e11d91d8cca0473eef41", size = 108683 }
wheels = [
    { url = "https://files.pythonhosted.org/packages/9f/64/2e54428beba8d9992aa478bb8f6de9e4ecaa5f8f513bcfd567ed7fb0262d/apscheduler-3.11.2-py3-none-any.whl", hash = "sha256:ce005177f741409db4e4dd40a7431b76feb856b9dd69d57e0da49d6715bfd26d", size = 64439 },
]

[[package]]
name = "certifi"
version = "2026.2.25"
source = { registry = "https://pypi.org/simple" }
sdist = { url = "https://files.pythonhosted.org/packages/af/2d/7bf41579a8986e348fa033a31cdd0e4121114f6bce2457e8876010b092dd/certifi-2026.2.25.tar.gz", hash = "sha256:e887ab5cee78ea814d3472169153c2d12cd43b14bd03329a39a9c6e2e80bfba7", size = 155029 }
wheels = [
    { url = "https://files.pythonhosted.org/packages/9a/3c/c17fb3ca2d9c3acff52e30b309f538586f9f5b9c9cf454f3845fc9af4881/certifi-2026.2.25-py3-none-any.whl", hash = "sha256:027692e4402ad994f1c42e52a4997a9763c646b73e4096e4d5d6db8af1d6f0fa", size = 153684 },
]

[[package]]
name = "fund-watcher"
version = "0.1.0"
source = { virtual = "." }
dependencies = [
    { name = "httpx" },
    { name = "lxml" },
    { name = "python-telegram-bot", extra = ["job-queue"] },
]

[package.metadata]
requires-dist = [
    { name = "httpx", specifier = ">=0.27" },
    { name = "lxml", specifier = ">=6.0.4" },
    { name = "python-telegram-bot", extras = ["job-queue"], specifier = ">=22.7" },
]

[[package]]
name = "h11"
version = "0.16.0"
source = { registry = "https://pypi.org/simple" }
sdist = { url = "https://files.pythonhosted.org/packages/01/ee/02a2c011bdab74c6fb3c75474d40b3052059d95df7e73351460c8588d963/h11-0.16.0.tar.gz", hash = "sha256:4e35b956cf45792e4caa5885e69fba00bdbc6ffafbfa020300e549b208ee5ff1", size = 101250 }
wheels = [
    { url = "https://files.pythonhosted.org/packages/04/4b/29cac41a4d98d144bf5f6d33995617b185d14b22401f75ca86f384e87ff1/h11-0.16.0-py3-none-any.whl", hash = "sha256:63cf8bbe7522de3bf65932fda1d9c2772064ffb3dae62d55932da54b31cb6c86", size = 37515 },
]

[[package]]
name = "httpcore"
version = "1.0.9"
source = { registry = "https://pypi.org/simple" }
dependencies = [
    { name = "certifi" },
    { name = "h11" },
]
sdist = { url = "https://files.pythonhosted.org/packages/06/94/82699a10bca87a5556c9c59b5963f2d039dbd239f25bc2a63907a05a14cb/httpcore-1.0.9.tar.gz", hash = "sha256:6e34463af53fd2ab5d807f399a9b45ea31c3dfa2276f15a2c3f00afff6e176e8", size = 85484 }
wheels = [
    { url = "https://files.pythonhosted.org/packages/7e/f5/f66802a942d491edb555dd61e3a9961140fd64c90bce1eafd741609d334d/httpcore-1.0.9-py3-none-any.whl", hash = "sha256:2d400746a40668fc9dec9810239072b40b4484b640a8c38fd654a024c7a1bf55", size = 78784 },
]

[[package]]
name = "httpx"
version = "0.28.1"
source = { registry = "https://pypi.org/simple" }
dependencies = [
    { name = "anyio" },
    { name = "certifi" },
    { name = "httpcore" },
    { name = "idna" },
]
sdist = { url = "https://files.pythonhosted.org/packages/b1/df/48c586a5fe32a0f01324ee087459e112ebb7224f646c0b5023f5e79e9956/httpx-0.28.1.tar.gz", hash = "sha256:75e98c5f16b0f35b567856f597f06ff2270a374470a5c2392242528e3e3e42fc", size = 141406 }
wheels = [
    { url = "https://files.pythonhosted.org/packages/2a/39/e50c7c3a983047577ee07d2a9e53faf5a69493943ec3f6a384bdc792deb2/httpx-0.28.1-py3-none-any.whl", hash = "sha256:d909fcccc110f8c7faf814ca82a9a4d816bc5a6dbfea25d6591d6985b8ba59ad", size = 73517 },
]

[[package]]
name = "idna"
version = "3.11"
source = { registry = "https://pypi.org/simple" }
sdist = { url = "https://files.pythonhosted.org/packages/6f/6d/0703ccc57f3a7233505399edb88de3cbd678da106337b9fcde432b65ed60/idna-3.11.tar.gz", hash = "sha256:795dafcc9c04ed0c1fb032c2aa73654d8e8c5023a7df64a53f39190ada629902", size = 194582 }
wheels = [
    { url = "https://files.pythonhosted.org/packages/0e/61/66938bbb5fc52dbdf84594873d5b51fb1f7c7794e9c0f5bd885f30bc507b/idna-3.11-py3-none-any.whl", hash = "sha256:771a87f49d9defaf64091e6e6fe9c18d4833f140bd19464795bc32d966ca37ea", size = 71008 },
]

[[package]]
name = "lxml"
version = "6.0.4"
source = { registry = "https://pypi.org/simple" }
sdist = { url = "https://files.pythonhosted.org/packages/ce/08/1217ca4043f55c3c92993b283a7dbfa456a2058d8b57bbb416cc96b6efff/lxml-6.0.4.tar.gz", hash = "sha256:4137516be2a90775f99d8ef80ec0283f8d78b5d8bd4630ff20163b72e7e9abf2", size = 4237780 }
wheels = [
    { url = "https://files.pythonhosted.org/packages/3d/18/4732abab49bbb041b1ded9dd913ca89735a0dcca038eacec64c44ba02163/lxml-6.0.4-cp312-cp312-macosx_10_13_universal2.whl", hash = "sha256:af0b8459c4e21a8417db967b2e453d1855022dac79c79b61fb8214f3da50f17e", size = 8570033 },
    { url = "https://files.pythonhosted.org/packages/72/7e/38523ec7178ca35376551911455d1b2766bc9d98bcc18f606a167fa9ecbb/lxml-6.0.4-cp312-cp312-macosx_10_13_x86_64.whl", hash = "sha256:e0cdcea2affa53fa17dc4bf5cefc0edf72583eac987d669493a019998a623fa3", size = 4623270 },
    { url = "https://files.pythonhosted.org/packages/f1/cf/f9b6c9bf9d8c63d923ef893915141767cea4cea71774f20c36d0c14e1585/lxml-6.0.4-cp312-cp312-manylinux2014_aarch64.manylinux_2_17_aarch64.whl", hash = "sha256:8da4d4840c1bc07da6fcd647784f7fbaf538eeb7a57ce6b2487acc54c5e33330", size = 4929471 },
    { url = "https://files.pythonhosted.org/packages/e5/53/3117f988c9e20be4156d2b8e1bda82ae06878d11aeb820dea111a7cfa4e3/lxml-6.0.4-cp312-cp312-manylinux2014_x86_64.manylinux_2_17_x86_64.whl", hash = "sha256:fb04a997588c3980894ded9172c10c5a3e45d3f1c5410472733626d268683806", size = 5092355 },
    { url = "https://files.pythonhosted.org/packages/4e/ca/05c6ac773a2bd3edb48fa8a5c5101e927ce044c4a8aed1a85ff00fab20a5/lxml-6.0.4-cp312-cp312-manylinux_2_26_aarch64.manylinux_2_28_aarch64.whl", hash = "sha256:ca449642a08a6ceddf6e6775b874b6aee1b6242ed80aea84124497aba28e5384", size = 5004520 },
    { url = "https://files.pythonhosted.org/packages/f1/db/d8aa5aa3a51d0aa6706ef85f85027f7c972cd840fe69ba058ecaf32d093d/lxml-6.0.4-cp312-cp312-manylinux_2_26_ppc64le.manylinux_2_28_ppc64le.whl", hash = "sha256:35b3ccdd137e62033662787dd4d2b8be900c686325d6b91e3b1ff6213d05ba11", size = 5629961 },
    { url = "https://files.pythonhosted.org/packages/9d/75/8fff4444e0493aeb15ab0f4a55c767b5baed9074cf67a1835dc1161f3a1f/lxml-6.0.4-cp312-cp312-manylinux_2_26_x86_64.manylinux_2_28_x86_64.whl", hash = "sha256:45dc690c54b1341fec01743caed02e5f1ea49d7cfb81e3ba48903e5e844ed68a", size = 5237561 },
    { url = "https://files.pythonhosted.org/packages/2a/9f/6d6cd73014f2dbf47a8aa7accd9712726f46ef4891e1c126bc285cfb94e4/lxml-6.0.4-cp312-cp312-manylinux_2_28_i686.whl", hash = "sha256:15ae922e8f74b05798a0e88cee46c0244aaec6a66b5e00be7d18648fed8c432e", size = 5349197 },
    { url = "https://files.pythonhosted.org/packages/2d/43/e3e9a126e166234d1659d1dd9004dc1dd50cdc3c68575b071b0a1524b4de/lxml-6.0.4-cp312-cp312-manylinux_2_31_armv7l.whl", hash = "sha256:ebd816653707fbf10c65e3dee3bc24dac6b691654c21533b1ae49287433f4db0", size = 4693123 },
    { url = "https://files.pythonhosted.org/packages/6c/98/b146dd123a4a7b69b571ff23ea8e8c68de8d8c1b03e23d01c6374d4fd835/lxml-6.0.4-cp312-cp312-manylinux_2_38_riscv64.manylinux_2_39_riscv64.whl", hash = "sha256:21284cf36b95dd8be774eb06c304b440cf49ee811800a30080ce6d93700f0383", size = 5242967 },
    { url = "https://files.pythonhosted.org/packages/7e/60/8c275584452b55a902c883e8ab63d755c5ef35d7ad1f06f9e6559095521d/lxml-6.0.4-cp312-cp312-musllinux_1_2_aarch64.whl", hash = "sha256:0c08a2a9d0c4028ef5fc5a513b2e1e51af069a83c5b4206139edd08b3b8c2926", size = 5046810 },
    { url = "https://files.pythonhosted.org/packages/19/aa/19ec216147e1105e5403fe73657c693a6e91bde855a13242dd6031e829e5/lxml-6.0.4-cp312-cp312-musllinux_1_2_armv7l.whl", hash = "sha256:1bc2f0f417112cf1a428599dd58125ab74d8e1c66893efd9b907cbb4a5db6e44", size = 4776383 },
    { url = "https://files.pythonhosted.org/packages/41/c8/90afdb838705a736268fcffd2698c05e9a129144ce215d5e14db3bdfc295/lxml-6.0.4-cp312-cp312-musllinux_1_2_ppc64le.whl", hash = "sha256:c0d86e328405529bc93913add9ff377e8b8ea9be878e611f19dbac7766a84483", size = 5643497 },
    { url = "https://files.pythonhosted.org/packages/32/ec/1135261ec9822dafb90be0ff6fb0ec79cee0b7fe878833dfe5f2b8c393bd/lxml-6.0.4-cp312-cp312-musllinux_1_2_riscv64.whl", hash = "sha256:3cce9420fe8f91eae5d457582599d282195c958cb670aa4bea313a79103ba33f", size = 5232185 },
    { url = "https://files.pythonhosted.org/packages/13/f2/7380b11cae6943720f525e5a28ad9dbead96ac710417e556b7c03f3a8af3/lxml-6.0.4-cp312-cp312-musllinux_1_2_x86_64.whl", hash = "sha256:96214985ec194ce97b9028414e179cfb21230cba4e2413aee7e249461bb84f4d", size = 5259968 },
    { url = "https://files.pythonhosted.org/packages/65/8f/141734f2c456f2253fed4237d8d4b241e3d701129cf6f0b135ccf241a75a/lxml-6.0.4-cp312-cp312-win32.whl", hash = "sha256:b2209b310e7ed1d4cd1c00d405ec9c49722fce731c7036abc1d876bf8df78139", size = 3594958 },
    { url = "https://files.pythonhosted.org/packages/b7/a9/c6d3531c6d8814af0919fbdb9bda43c9e8b5deffcb70c8534017db233512/lxml-6.0.4-cp312-cp312-win_amd64.whl", hash = "sha256:03affcacfba4671ebc305813b02bfaf34d80b6a7c5b23eafc5d6da14a1a6e623", size = 3995897 },
    { url = "https://files.pythonhosted.org/packages/03/5d/1dabeddf762e5a315a31775b2bca39811d7e7a15fc3e677d044b9da973fe/lxml-6.0.4-cp312-cp312-win_arm64.whl", hash = "sha256:af9678e3a2a047465515d95a61690109af7a4c9486f708249119adcef7861049", size = 3658607 },
    { url = "https://files.pythonhosted.org/packages/78/f6/550a1ed9afde66e24bfcf9892446ea9779152df336062c6df0f7733151a2/lxml-6.0.4-cp313-cp313-macosx_10_13_universal2.whl", hash = "sha256:ecc3d55ed756ee6c3447748862a97e1f5392d2c5d7f474bace9382345e4fc274", size = 8559522 },
    { url = "https://files.pythonhosted.org/packages/11/93/3f687c14d2b4d24b60fe13fd5482c8853f82a10bb87f2b577123e342ed1a/lxml-6.0.4-cp313-cp313-macosx_10_13_x86_64.whl", hash = "sha256:a7d5a627a368a0e861350ccc567a70ec675d2bc4d8b3b54f48995ae78d8d530e", size = 4617380 },
    { url = "https://files.pythonhosted.org/packages/b5/ed/91e443366063d3fb7640ae2badd5d7b65be4095ac6d849788e39c043baae/lxml-6.0.4-cp313-cp313-manylinux2014_aarch64.manylinux_2_17_aarch64.whl", hash = "sha256:d385141b186cc39ebe4863c1e41936282c65df19b2d06a701dedc2a898877d6a", size = 4922791 },
    { url = "https://files.pythonhosted.org/packages/30/4b/2243260b70974aca9ba0cc71bd668c0c3a79644d80ddcabbfbdb4b131848/lxml-6.0.4-cp313-cp313-manylinux2014_x86_64.manylinux_2_17_x86_64.whl", hash = "sha256:0132bb040e9bb5a199302e12bf942741defbc52922a2a06ce9ff7be0d0046483", size = 5080972 },
    { url = "https://files.pythonhosted.org/packages/f8/c3/54c53c4f772341bc12331557f8b0882a426f53133926306cbe6d7f0ee7e4/lxml-6.0.4-cp313-cp313-manylinux_2_26_aarch64.manylinux_2_28_aarch64.whl", hash = "sha256:26aee5321e4aa1f07c9090a35f6ab8b703903fb415c6c823cfdb20ee0d779855", size = 4992236 },
    { url = "https://files.pythonhosted.org/packages/be/0f/416de42e22f287585abee610eb0d1c2638c9fe24cee7e15136e0b5e138f8/lxml-6.0.4-cp313-cp313-manylinux_2_26_ppc64le.manylinux_2_28_ppc64le.whl", hash = "sha256:b5652455de198ff76e02cfa57d5efc5f834fa45521aaf3fcc13d6b5a88bde23d", size = 5612398 },
    { url = "https://files.pythonhosted.org/packages/7d/63/29a3fa79b8a182f5bd5b5bdcb6f625f49f08f41d60a26ca25482820a1b99/lxml-6.0.4-cp313-cp313-manylinux_2_26_x86_64.manylinux_2_28_x86_64.whl", hash = "sha256:75842801fb48aea73f4c281b923a010dfb39bad75edf8ceb2198ec30c27f01cc", size = 5227480 },
    { url = "https://files.pythonhosted.org/packages/7c/4a/44d1843de599b1c6dbe578e4248c2f15e7fac90c5c86eb26775eaeac0fe0/lxml-6.0.4-cp313-cp313-manylinux_2_28_i686.whl", hash = "sha256:94a1f74607a5a049ff6ff8de429fec922e643e32b5b08ec7a4fe49e8de76e17c", size = 5341001 },
    { url = "https://files.pythonhosted.org/packages/0d/52/c8aebde49f169e4e3452e7756be35be1cb2903e30d961cb57aa65a27055f/lxml-6.0.4-cp313-cp313-manylinux_2_31_armv7l.whl", hash = "sha256:173cc246d3d3b6d3b6491f0b3aaf22ebdf2eed616879482acad8bd84d73eb231", size = 4699105 },
    { url = "https://files.pythonhosted.org/packages/78/60/76fc3735c31c28b70220d99452fb72052e84b618693ca2524da96f0131d8/lxml-6.0.4-cp313-cp313-manylinux_2_38_riscv64.manylinux_2_39_riscv64.whl", hash = "sha256:f0f2ee1be1b72e9890da87e4e422f2f703ff4638fd5ec5383055db431e8e30e9", size = 5231095 },
    { url = "https://files.pythonhosted.org/packages/e5/60/448f01c52110102f23df5f07b3f4fde57c8e13e497e182a743d125324c0b/lxml-6.0.4-cp313-cp313-musllinux_1_2_aarch64.whl", hash = "sha256:c51a274b7e8b9ce394c3f8b471eb0b23c1914eec64fdccf674e082daf72abf11", size = 5042411 },
    { url = "https://files.pythonhosted.org/packages/4a/2a/90612a001fa4fa0ff0443ebb0256a542670fe35473734c559720293e7aff/lxml-6.0.4-cp313-cp313-musllinux_1_2_armv7l.whl", hash = "sha256:210ea934cba1a1ec42f88c4190c4d5c67b2d14321a8faed9b39e8378198ff99d", size = 4768431 },
    { url = "https://files.pythonhosted.org/packages/84/d8/572845a7d741c8a8ffeaf928185263e14d97fbd355de164677340951d7a5/lxml-6.0.4-cp313-cp313-musllinux_1_2_ppc64le.whl", hash = "sha256:14fe654a59eebe16368c51778caeb0c8fda6f897adcd9afe828d87d13b5d5e51", size = 5634972 },
    { url = "https://files.pythonhosted.org/packages/d7/1d/392b8c9f8cf1d502bbec50dee137c7af3dd5def5e5cd84572fbf0ba0541c/lxml-6.0.4-cp313-cp313-musllinux_1_2_riscv64.whl", hash = "sha256:ec160a2b7e2b3cb71ec35010b19a1adea05785d19ba5c9c5f986b64b78fef564", size = 5222909 },
    { url = "https://files.pythonhosted.org/packages/21/ab/949fc96f825cf083612aee65d5a02eacc5eaeb2815561220e33e1e160677/lxml-6.0.4-cp313-cp313-musllinux_1_2_x86_64.whl", hash = "sha256:d305b86ef10b23cf3a6d62a2ad23fa296f76495183ee623f64d2600f65ffe09c", size = 5249096 },
    { url = "https://files.pythonhosted.org/packages/56/e8/fbe44df79ede5ff760401cc3c49c4204f49f0f529cc6b27d0af7b63f5472/lxml-6.0.4-cp313-cp313-win32.whl", hash = "sha256:a2f31380aa9a9b52591e79f1c1d3ac907688fbeb9d883ba28be70f2eb5db2277", size = 3595808 },
    { url = "https://files.pythonhosted.org/packages/f8/df/e873abb881092256520edf0d67d686e36f3c86b3cf289f01b6458272dede/lxml-6.0.4-cp313-cp313-win_amd64.whl", hash = "sha256:b8efa9f681f15043e497293d58a4a63199564b253ed2291887d92bb3f74f59ab", size = 3994635 },
    { url = "https://files.pythonhosted.org/packages/23/a8/9c56c8914b9b18d89face5a7472445002baf309167f7af65d988842129fd/lxml-6.0.4-cp313-cp313-win_arm64.whl", hash = "sha256:905abe6a5888129be18f85f2aea51f0c9863fa0722fb8530dfbb687d2841d221", size = 3657374 },
    { url = "https://files.pythonhosted.org/packages/10/18/36e28a809c509a67496202771f545219ac5a2f1cd61aae325991fcf5ab91/lxml-6.0.4-cp314-cp314-macosx_10_15_universal2.whl", hash = "sha256:569d3b18340863f603582d2124e742a68e85755eff5e47c26a55e298521e3a01", size = 8575045 },
    { url = "https://files.pythonhosted.org/packages/11/38/a168c820e3b08d3b4fa0f4e6b53b3930086b36cc11e428106d38c36778cd/lxml-6.0.4-cp314-cp314-macosx_10_15_x86_64.whl", hash = "sha256:3b6245ee5241342d45e1a54a4a8bc52ef322333ada74f24aa335c4ab36f20161", size = 4622963 },
    { url = "https://files.pythonhosted.org/packages/53/e0/2c9d6abdd82358cea3c0d8d6ca272a6af0f38156abce7827efb6d5b62d17/lxml-6.0.4-cp314-cp314-manylinux2014_aarch64.manylinux_2_17_aarch64.whl", hash = "sha256:79a1173ba3213a3693889a435417d4e9f3c07d96e30dc7cc3a712ed7361015fe", size = 4948832 },
    { url = "https://files.pythonhosted.org/packages/96/d7/f2202852e91d7baf3a317f4523a9c14834145301e5b0f2e80c01c4bfbd49/lxml-6.0.4-cp314-cp314-manylinux2014_x86_64.manylinux_2_17_x86_64.whl", hash = "sha256:dc18bb975666b443ba23aedd2fcf57e9d0d97546b52a1de97a447c4061ba4110", size = 5085865 },
    { url = "https://files.pythonhosted.org/packages/09/57/abee549324496e92708f71391c6060a164d3c95369656a1a15e9f20d8162/lxml-6.0.4-cp314-cp314-manylinux_2_26_aarch64.manylinux_2_28_aarch64.whl", hash = "sha256:2079f5dc83291ac190a52f8354b78648f221ecac19fb2972a2d056b555824de7", size = 5030001 },
    { url = "https://files.pythonhosted.org/packages/c2/f8/432da7178c5917a16468af6c5da68fef7cf3357d4bd0e6f50272ec9a59b5/lxml-6.0.4-cp314-cp314-manylinux_2_26_ppc64le.manylinux_2_28_ppc64le.whl", hash = "sha256:3eda02da4ca16e9ca22bbe5654470c17fa1abcd967a52e4c2e50ff278221e351", size = 5646303 },
    { url = "https://files.pythonhosted.org/packages/82/f9/e1c04ef667a6bf9c9dbd3bf04c50fa51d7ee25b258485bb748b27eb9a1c7/lxml-6.0.4-cp314-cp314-manylinux_2_26_x86_64.manylinux_2_28_x86_64.whl", hash = "sha256:c3787cdc3832b70e21ac2efafea2a82a8ccb5e85bec110dc68b26023e9d3caae", size = 5237940 },
    { url = "https://files.pythonhosted.org/packages/d0/f0/cdea60d92df731725fc3c4f33e387b100f210acd45c92969e42d2ba993fa/lxml-6.0.4-cp314-cp314-manylinux_2_28_i686.whl", hash = "sha256:3f276d49c23103565d39440b9b3f4fc08fa22f5a96395ea4b4d4fea4458b1505", size = 5350050 },
    { url = "https://files.pythonhosted.org/packages/2e/15/bf52c7a70b6081bb9e00d37cc90fcf60aa84468d9d173ad2fade38ec34c5/lxml-6.0.4-cp314-cp314-manylinux_2_31_armv7l.whl", hash = "sha256:fdfdad73736402375b11b3a137e48cd09634177516baf5fc0bd80d1ca85f3cda", size = 4696409 },
    { url = "https://files.pythonhosted.org/packages/c5/69/9bade267332cc06f9a9aa773b5a11bdfb249af485df9e142993009ea1fc4/lxml-6.0.4-cp314-cp314-manylinux_2_38_riscv64.manylinux_2_39_riscv64.whl", hash = "sha256:75912421456946931daba0ec3cedfa824c756585d05bde97813a17992bfbd013", size = 5249072 },
    { url = "https://files.pythonhosted.org/packages/14/ca/043bcacb096d6ed291cbbc58724e9625a453069d6edeb840b0bf18038d05/lxml-6.0.4-cp314-cp314-musllinux_1_2_aarch64.whl", hash = "sha256:48cd5a88da67233fd82f2920db344503c2818255217cd6ea462c9bb8254ba7cb", size = 5083779 },
    { url = "https://files.pythonhosted.org/packages/04/89/f5fb18d76985969e84af13682e489acabee399bb54738a363925ea6e7390/lxml-6.0.4-cp314-cp314-musllinux_1_2_armv7l.whl", hash = "sha256:87af86a8fa55b9ff1e6ee4233d762296f2ce641ba948af783fb995c5a8a3371b", size = 4736953 },
    { url = "https://files.pythonhosted.org/packages/84/ba/d1d7284bb4ba951f188c3fc0455943c1fcbd1c33d1324d6d57b7d4a45be6/lxml-6.0.4-cp314-cp314-musllinux_1_2_ppc64le.whl", hash = "sha256:a743714cd656ba7ccb29d199783906064c7b5ba3c0e2a79f0244ea0badc6a98c", size = 5669605 },
    { url = "https://files.pythonhosted.org/packages/72/05/1463e55f2de27bb60feddc894dd7c0833bd501f8861392ed416291b38db5/lxml-6.0.4-cp314-cp314-musllinux_1_2_riscv64.whl", hash = "sha256:e31c76bd066fb4f81d9a32e5843bffdf939ab27afb1ffc1c924e749bfbdb00e3", size = 5236886 },
    { url = "https://files.pythonhosted.org/packages/fe/fb/0b6ee9194ce3ac49db4cadaa8a9158f04779fc768b6c27c4e2945d71a99d/lxml-6.0.4-cp314-cp314-musllinux_1_2_x86_64.whl", hash = "sha256:f185fd6e7d550e9917d7103dccf51be589aba953e15994fb04646c1730019685", size = 5263382 },
    { url = "https://files.pythonhosted.org/packages/9a/93/ec18a08e98dd82cac39f1d2511ee2bed5affb94d228356d8ef165a4ec3b9/lxml-6.0.4-cp314-cp314-win32.whl", hash = "sha256:774660028f8722a598400430d2746fb0075949f84a9a5cd9767d9152e3baaac5", size = 3656164 },
    { url = "https://files.pythonhosted.org/packages/15/86/52507316abfc7150bf6bb191e39a12e301ee80334610a493884ae2f9d20d/lxml-6.0.4-cp314-cp314-win_amd64.whl", hash = "sha256:fbd7d14349413f5609c0b537b1a48117d6ccef1af37986af6b03766ad05bf43e", size = 4062512 },
    { url = "https://files.pythonhosted.org/packages/f1/d5/09c593a2ef2234b8cd6cf059e2dc212e0654bf05c503f0ef2daf05adb680/lxml-6.0.4-cp314-cp314-win_arm64.whl", hash = "sha256:a61a01ec3fbfd5b73a69a7bf513271051fd6c5795d82fc5daa0255934cd8db3d", size = 3740745 },
    { url = "https://files.pythonhosted.org/packages/4a/3c/42a98bf6693938bf7b285ec7f70ba2ae9d785d0e5b2cdb85d2ee29e287eb/lxml-6.0.4-cp314-cp314t-macosx_10_15_universal2.whl", hash = "sha256:504edb62df33cea502ea6e73847c647ba228623ca3f80a228be5723a70984dd5", size = 8826437 },
    { url = "https://files.pythonhosted.org/packages/c2/c2/ad13f39b2db8709788aa2dcb6e90b81da76db3b5b2e7d35e0946cf984960/lxml-6.0.4-cp314-cp314t-macosx_10_15_x86_64.whl", hash = "sha256:f01b7b0316d4c0926d49a7f003b2d30539f392b140a3374bb788bad180bc8478", size = 4734892 },
    { url = "https://files.pythonhosted.org/packages/2c/6d/c559d7b5922c5b0380fc2cb5ac134b6a3f9d79d368347a624ee5d68b0816/lxml-6.0.4-cp314-cp314t-manylinux2014_aarch64.manylinux_2_17_aarch64.whl", hash = "sha256:ab999933e662501efe4b16e6cfb7c9f9deca7d072cd1788b99c8defde78c0dfb", size = 4969173 },
    { url = "https://files.pythonhosted.org/packages/c7/78/ca521e36157f38e3e1a29276855cdf48d213138fc0c8365693ff5c876ca7/lxml-6.0.4-cp314-cp314t-manylinux2014_x86_64.manylinux_2_17_x86_64.whl", hash = "sha256:67c3f084389fe75932c39b6869a377f6c8e21e818f31ae8a30c71dd2e59360e2", size = 5103134 },
    { url = "https://files.pythonhosted.org/packages/28/a7/7d62d023bacaa0aaf60af8c0a77c6c05f84327396d755f3aa64b788678a9/lxml-6.0.4-cp314-cp314t-manylinux_2_26_aarch64.manylinux_2_28_aarch64.whl", hash = "sha256:377ea1d654f76ed6205c87d14920f829c9f4d31df83374d3cbcbdaae804d37b2", size = 5027205 },
    { url = "https://files.pythonhosted.org/packages/34/be/51b194b81684f2e85e5d992771c45d70cb22ac6f7291ac6bc7b255830afe/lxml-6.0.4-cp314-cp314t-manylinux_2_26_ppc64le.manylinux_2_28_ppc64le.whl", hash = "sha256:e60cd0bcacbfd1a96d63516b622183fb2e3f202300df9eb5533391a8a939dbfa", size = 5594461 },
    { url = "https://files.pythonhosted.org/packages/39/24/8850f38fbf89dd072ff31ba22f9e40347aeada7cadf710ecb04b8d9f32d4/lxml-6.0.4-cp314-cp314t-manylinux_2_26_x86_64.manylinux_2_28_x86_64.whl", hash = "sha256:6e9e30fd63d41dd0bbdb020af5cdfffd5d9b554d907cb210f18e8fcdc8eac013", size = 5223378 },
    { url = "https://files.pythonhosted.org/packages/2a/9b/595239ba8c719b0fdc7bc9ebdb7564459c9a6b24b8b363df4a02674aeece/lxml-6.0.4-cp314-cp314t-manylinux_2_28_i686.whl", hash = "sha256:1fb4a1606bb68c533002e7ed50d7e55e58f0ef1696330670281cb79d5ab2050d", size = 5311415 },
    { url = "https://files.pythonhosted.org/packages/be/cb/aa27ac8d041acf34691577838494ad08df78e83fdfdb66948d2903e9291e/lxml-6.0.4-cp314-cp314t-manylinux_2_31_armv7l.whl", hash = "sha256:695c7708438e449d57f404db8cc1b769e77ad5b50655f32f8175686ba752f293", size = 4637953 },
    { url = "https://files.pythonhosted.org/packages/f6/f2/f19114fd86825c2d1ce41cd99daad218d30cfdd2093d4de9273986fb4d68/lxml-6.0.4-cp314-cp314t-manylinux_2_38_riscv64.manylinux_2_39_riscv64.whl", hash = "sha256:d49c35ae1e35ee9b569892cf8f8f88db9524f28d66e9daee547a5ef9f3c5f468", size = 5231532 },
    { url = "https://files.pythonhosted.org/packages/9a/0e/c3fa354039ec0b6b09f40fbe1129efc572ac6239faa4906de42d5ce87c0a/lxml-6.0.4-cp314-cp314t-musllinux_1_2_aarch64.whl", hash = "sha256:5801072f8967625e6249d162065d0d6011ef8ce3d0efb8754496b5246b81a74b", size = 5083767 },
    { url = "https://files.pythonhosted.org/packages/b3/4b/1a0dbb6d6ffae16e54a8a3796ded0ad2f9c3bc1ff3728bde33456f4e1d63/lxml-6.0.4-cp314-cp314t-musllinux_1_2_armv7l.whl", hash = "sha256:cbf768541526eba5ef1a49f991122e41b39781eafd0445a5a110fc09947a20b5", size = 4758079 },
    { url = "https://files.pythonhosted.org/packages/a9/01/a246cf5f80f96766051de4b305d6552f80bdaefb37f04e019e42af0aba69/lxml-6.0.4-cp314-cp314t-musllinux_1_2_ppc64le.whl", hash = "sha256:eecce87cc09233786fc31c230268183bf6375126cfec1c8b3673fcdc8767b560", size = 5618686 },
    { url = "https://files.pythonhosted.org/packages/eb/1f/b072a92369039ebef11b0a654be5134fcf3ed04c0f437faf9435ac9ba845/lxml-6.0.4-cp314-cp314t-musllinux_1_2_riscv64.whl", hash = "sha256:07dce892881179e11053066faca2da17b0eeb0bb7298f11bcf842a86db207dbd", size = 5227259 },
    { url = "https://files.pythonhosted.org/packages/d5/a0/dc97034f9d4c0c4d30875147d81fd2c0c7f3d261b109db36ed746bf8ab1d/lxml-6.0.4-cp314-cp314t-musllinux_1_2_x86_64.whl", hash = "sha256:e4f97aee337b947e6699e5574c90d087d3e2ce517016241c07e7e98a28dca885", size = 5246190 },
    { url = "https://files.pythonhosted.org/packages/f2/ef/85cb69835113583c2516fee07d0ffb4d824b557424b06ba5872c20ba6078/lxml-6.0.4-cp314-cp314t-win32.whl", hash = "sha256:064477c0d4c695aa1ea4b9c1c4ee9043ab740d12135b74c458cc658350adcd86", size = 3896005 },
    { url = "https://files.pythonhosted.org/packages/3d/5e/2231f34cc54b8422b793593138d86d3fa4588fb2297d4ea0472390f25627/lxml-6.0.4-cp314-cp314t-win_amd64.whl", hash = "sha256:25bad2d8438f4ef5a7ad4a8d8bcaadde20c0daced8bdb56d46236b0a7d1cbdd0", size = 4391037 },
    { url = "https://files.pythonhosted.org/packages/39/53/8ba3cd5984f8363635450c93f63e541a0721b362bb32ae0d8237d9674aee/lxml-6.0.4-cp314-cp314t-win_arm64.whl", hash = "sha256:1dcd9e6cb9b7df808ea33daebd1801f37a8f50e8c075013ed2a2343246727838", size = 3816184 },
]

[[package]]
name = "python-telegram-bot"
version = "22.7"
source = { registry = "https://pypi.org/simple" }
dependencies = [
    { name = "httpcore", marker = "python_full_version >= '3.14'" },
    { name = "httpx" },
]
sdist = { url = "https://files.pythonhosted.org/packages/e4/25/2258161b1069e66d6c39c0a602dbe57461d4767dc0012539970ea40bc9d6/python_telegram_bot-22.7.tar.gz", hash = "sha256:784b59ea3852fe4616ad63b4a0264c755637f5d725e87755ecdee28300febf61", size = 1516454 }
wheels = [
    { url = "https://files.pythonhosted.org/packages/94/f7/0e2f89dd62f45d46d4ea0d8aec5893ce5b37389638db010c117f46f11450/python_telegram_bot-22.7-py3-none-any.whl", hash = "sha256:d72eed532cf763758cd9331b57a6d790aff0bb4d37d8f4e92149436fe21c6475", size = 745365 },
]

[package.optional-dependencies]
job-queue = [
    { name = "apscheduler" },
]

[[package]]
name = "typing-extensions"
version = "4.15.0"
source = { registry = "https://pypi.org/simple" }
sdist = { url = "https://files.pythonhosted.org/packages/72/94/1a15dd82efb362ac84269196e94cf00f187f7ed21c242792a923cdb1c61f/typing_extensions-4.15.0.tar.gz", hash = "sha256:0cea48d173cc12fa28ecabc3b837ea3cf6f38c6d1136f85cbaaf598984861466", size = 109391 }
wheels = [
    { url = "https://files.pythonhosted.org/packages/18/67/36e9267722cc04a6b9f15c7f3441c2363321a3ea07da7ae0c0707beb2a9c/typing_extensions-4.15.0-py3-none-any.whl", hash = "sha256:f0fa19c6845758ab08074a0cfa8b7aecb71c999ca73d62883bc25cc018c4e548", size = 44614 },
]

[[package]]
name = "tzdata"
version = "2026.1"
source = { registry = "https://pypi.org/simple" }
sdist = { url = "https://files.pythonhosted.org/packages/19/f5/cd531b2d15a671a40c0f66cf06bc3570a12cd56eef98960068ebbad1bf5a/tzdata-2026.1.tar.gz", hash = "sha256:67658a1903c75917309e753fdc349ac0efd8c27db7a0cb406a25be4840f87f98", size = 197639 }
wheels = [
    { url = "https://files.pythonhosted.org/packages/b0/70/d460bd685a170790ec89317e9bd33047988e4bce507b831f5db771e142de/tzdata-2026.1-py2.py3-none-any.whl", hash = "sha256:4b1d2be7ac37ceafd7327b961aa3a54e467efbdb563a23655fbfe0d39cfc42a9", size = 348952 },
]

[[package]]
name = "tzlocal"
version = "5.3.1"
source = { registry = "https://pypi.org/simple" }
dependencies = [
    { name = "tzdata", marker = "platform_system == 'Windows'" },
]
sdist = { url = "https://files.pythonhosted.org/packages/8b/2e/c14812d3d4d9cd1773c6be938f89e5735a1f11a9f184ac3639b93cef35d5/tzlocal-5.3.1.tar.gz", hash = "sha256:cceffc7edecefea1f595541dbd6e990cb1ea3d19bf01b2809f362a03dd7921fd", size = 30761 }
wheels = [
    { url = "https://files.pythonhosted.org/packages/c2/14/e2a54fabd4f08cd7af1c07030603c3356b74da07f7cc056e600436edfa17/tzlocal-5.3.1-py3-none-any.whl", hash = "sha256:eb1a66c3ef5847adf7a834f1be0800581b683b5608e74f86ecbcef8ab91bb85d", size = 18026 },
]
